
Microsoft Visual Studio Solution File, Format Version 12.00
# Visual Studio 14
VisualStudioVersion = 14.0.24720.0
MinimumVisualStudioVersion = 10.0.40219.1
Project("{FAE04EC0-301F-11D3-BF4B-00C04F79EFBC}") = "Tiny ECS Library", "Tiny ECS Library\Tiny ECS Library.csproj", "{5469D341-2683-4CBD-B734-E2AA3514A920}"
EndProject
Project("{FAE04EC0-301F-11D3-BF4B-00C04F79EFBC}") = "TestTinyECS", "TestTinyECS\TestTinyECS.csproj", "{CDADF1B3-971C-4BCD-9EBB-0CB970844F75}"
EndProject
Global
	GlobalSection(SolutionConfigurationPlatforms) = preSolution
		Debug|Any CPU = Debug|Any CPU
		Release|Any CPU = Release|Any CPU
	EndGlobalSection
	GlobalSection(ProjectConfigurationPlatforms) = postSolution
		{5469D341-2683-4CBD-B734-E2AA3514A920}.Debug|Any CPU.ActiveCfg = Debug|Any CPU
		{5469D341-2683-4CBD-B734-E2AA3514A920}.Debug|Any CPU.Build.0 = Debug|Any CPU
		{5469D341-2683-4CBD-B734-E2AA3514A920}.Release|Any CPU.ActiveCfg = Release|Any CPU
		{5469D341-2683-4CBD-B734-E2AA3514A920}.Release|Any CPU.Build.0 = Release|Any CPU
		{CDADF1B3-971C-4BCD-9EBB-0CB970844F75}.Debug|Any CPU.ActiveCfg = Debug|Any CPU
		{CDADF1B3-971C-4BCD-9EBB-0CB970844F75}.Debug|Any CPU.Build.0 = Debug|Any CPU
		{CDADF1B3-971C-4BCD-9EBB-0CB970844F75}.Release|Any CPU.ActiveCfg = Release|Any CPU
		{CDADF1B3-971C-4BCD-9EBB-0CB970844F75}.Release|Any CPU.Build.0 = Release|Any CPU
	EndGlobalSection
	GlobalSection(SolutionProperties) = preSolution
		HideSolutionNode = FALSE
	EndGlobalSection
EndGlobal
